
Microsoft Visual Studio Solution File, Format Version 12.00
# Visual Studio Express 2013 for Windows Desktop
VisualStudioVersion = 12.0.31101.0
MinimumVisualStudioVersion = 10.0.40219.1
Project("{FAE04EC0-301F-11D3-BF4B-00C04F79EFBC}") = "ConcurrentPriorityTaskRunner", "ConcurrentPriorityTaskRunner\ConcurrentPriorityTaskRunner.csproj", "{ECC24CC2-36AE-448F-BE9C-F5F96E521A68}"
EndProject
Project("{FAE04EC0-301F-11D3-BF4B-00C04F79EFBC}") = "ConcurrentPriorityQueue", "..\ConcurrentPriorityQueue\ConcurrentPriorityQueue\ConcurrentPriorityQueue.csproj", "{4B0F9710-8A7D-40E5-A15D-22A7BA6A35E2}"
EndProject
Project("{FAE04EC0-301F-11D3-BF4B-00C04F79EFBC}") = "ConcurrentBinaryMinHeap", "..\ConcurrentBinaryMinHeap\ConcurrentBinaryMinHeap\ConcurrentBinaryMinHeap.csproj", "{33D0AFB1-536E-4316-B240-871C54A6096F}"
EndProject
Project("{FAE04EC0-301F-11D3-BF4B-00C04F79EFBC}") = "ConcurrentPriorityTaskRunnerTest", "ConcurrentPriorityTaskRunnerTest\ConcurrentPriorityTaskRunnerTest.csproj", "{22CFA294-267E-45E3-BD64-69787BA12900}"
EndProject
Project("{FAE04EC0-301F-11D3-BF4B-00C04F79EFBC}") = "ConcurrentPriorityTaskRunnerExample", "ConcurrentPriorityTaskRunnerExample\ConcurrentPriorityTaskRunnerExample.csproj", "{242134DD-9C18-4057-AB1F-28FB5517ACCA}"
EndProject
Global
	GlobalSection(SolutionConfigurationPlatforms) = preSolution
		Debug|Any CPU = Debug|Any CPU
		Release|Any CPU = Release|Any CPU
	EndGlobalSection
	GlobalSection(ProjectConfigurationPlatforms) = postSolution
		{ECC24CC2-36AE-448F-BE9C-F5F96E521A68}.Debug|Any CPU.ActiveCfg = Debug|Any CPU
		{ECC24CC2-36AE-448F-BE9C-F5F96E521A68}.Debug|Any CPU.Build.0 = Debug|Any CPU
		{ECC24CC2-36AE-448F-BE9C-F5F96E521A68}.Release|Any CPU.ActiveCfg = Release|Any CPU
		{ECC24CC2-36AE-448F-BE9C-F5F96E521A68}.Release|Any CPU.Build.0 = Release|Any CPU
		{4B0F9710-8A7D-40E5-A15D-22A7BA6A35E2}.Debug|Any CPU.ActiveCfg = Debug|Any CPU
		{4B0F9710-8A7D-40E5-A15D-22A7BA6A35E2}.Debug|Any CPU.Build.0 = Debug|Any CPU
		{4B0F9710-8A7D-40E5-A15D-22A7BA6A35E2}.Release|Any CPU.ActiveCfg = Release|Any CPU
		{4B0F9710-8A7D-40E5-A15D-22A7BA6A35E2}.Release|Any CPU.Build.0 = Release|Any CPU
		{33D0AFB1-536E-4316-B240-871C54A6096F}.Debug|Any CPU.ActiveCfg = Debug|Any CPU
		{33D0AFB1-536E-4316-B240-871C54A6096F}.Debug|Any CPU.Build.0 = Debug|Any CPU
		{33D0AFB1-536E-4316-B240-871C54A6096F}.Release|Any CPU.ActiveCfg = Release|Any CPU
		{33D0AFB1-536E-4316-B240-871C54A6096F}.Release|Any CPU.Build.0 = Release|Any CPU
		{22CFA294-267E-45E3-BD64-69787BA12900}.Debug|Any CPU.ActiveCfg = Debug|Any CPU
		{22CFA294-267E-45E3-BD64-69787BA12900}.Debug|Any CPU.Build.0 = Debug|Any CPU
		{22CFA294-267E-45E3-BD64-69787BA12900}.Release|Any CPU.ActiveCfg = Release|Any CPU
		{22CFA294-267E-45E3-BD64-69787BA12900}.Release|Any CPU.Build.0 = Release|Any CPU
		{242134DD-9C18-4057-AB1F-28FB5517ACCA}.Debug|Any CPU.ActiveCfg = Debug|Any CPU
		{242134DD-9C18-4057-AB1F-28FB5517ACCA}.Debug|Any CPU.Build.0 = Debug|Any CPU
		{242134DD-9C18-4057-AB1F-28FB5517ACCA}.Release|Any CPU.ActiveCfg = Release|Any CPU
		{242134DD-9C18-4057-AB1F-28FB5517ACCA}.Release|Any CPU.Build.0 = Release|Any CPU
	EndGlobalSection
	GlobalSection(SolutionProperties) = preSolution
		HideSolutionNode = FALSE
	EndGlobalSection
EndGlobal
